{
  "name": "api-university",
  "version": "1.0.0",
  "lockfileVersion": 1,
  "requires": true,
  "dependencies": {
    "@project-300/common-types": {
      "version": "2.2.2",
      "resolved": "https://registry.npmjs.org/@project-300/common-types/-/common-types-2.2.2.tgz",
      "integrity": "sha512-2btVURigzpWbScn/27zfzydDKzu7RNbN7twrDVGQrNUfvDwpQET8hoK7S6NnNjJ1yjlDUb8zptGu+tBciTXqkw==",
      "requires": {
        "@types/googlemaps": "^3.38.1"
      }
    },
    "@types/googlemaps": {
      "version": "3.39.2",
      "resolved": "https://registry.npmjs.org/@types/googlemaps/-/googlemaps-3.39.2.tgz",
      "integrity": "sha512-eQNK23aCejjTF/HCzMObVPisnj6oBpWerhKpm849xW5JYocIHpnHnGYzWc9w076hIEpMt0bAxyPOaCoruYeGqg=="
    }
  }
}
